
Microsoft Visual Studio Solution File, Format Version 12.00
# Visual Studio 15
VisualStudioVersion = 15.0.28010.2019
MinimumVisualStudioVersion = 10.0.40219.1
Project("{FAE04EC0-301F-11D3-BF4B-00C04F79EFBC}") = "Search", "Search\Search.csproj", "{09B29BF5-698C-4C8A-9C71-20EEFEB5F484}"
EndProject
Global
	GlobalSection(SolutionConfigurationPlatforms) = preSolution
		Debug|x64 = Debug|x64
		Release|x64 = Release|x64
	EndGlobalSection
	GlobalSection(ProjectConfigurationPlatforms) = postSolution
		{09B29BF5-698C-4C8A-9C71-20EEFEB5F484}.Debug|x64.ActiveCfg = Debug|x64
		{09B29BF5-698C-4C8A-9C71-20EEFEB5F484}.Debug|x64.Build.0 = Debug|x64
		{09B29BF5-698C-4C8A-9C71-20EEFEB5F484}.Release|x64.ActiveCfg = Release|x64
		{09B29BF5-698C-4C8A-9C71-20EEFEB5F484}.Release|x64.Build.0 = Release|x64
	EndGlobalSection
	GlobalSection(SolutionProperties) = preSolution
		HideSolutionNode = FALSE
	EndGlobalSection
	GlobalSection(ExtensibilityGlobals) = postSolution
		SolutionGuid = {FC3D07D0-6B5E-4E0A-8057-35CBB0A88872}
	EndGlobalSection
EndGlobal
